// !$*UTF8*$!
{
	archiveVersion = 1;
	classes = {
	};
	objectVersion = 56;
	objects = {

/* Begin PBXBuildFile section */
		39956CE45F3C559285823017 /* Pods_2021PushExample.framework in Frameworks */ = {isa = PBXBuildFile; fileRef = 159604FAB4F270CA453CA566 /* Pods_2021PushExample.framework */; };
		4BEA8DA829B2F365005EE94F /* AppDelegate.swift in Sources */ = {isa = PBXBuildFile; fileRef = 4BEA8DA729B2F365005EE94F /* AppDelegate.swift */; };
		4BEA8DAA29B2F365005EE94F /* SceneDelegate.swift in Sources */ = {isa = PBXBuildFile; fileRef = 4BEA8DA929B2F365005EE94F /* SceneDelegate.swift */; };
		4BEA8DAC29B2F365005EE94F /* ViewController.swift in Sources */ = {isa = PBXBuildFile; fileRef = 4BEA8DAB29B2F365005EE94F /* ViewController.swift */; };
		4BEA8DAF29B2F365005EE94F /* Main.storyboard in Resources */ = {isa = PBXBuildFile; fileRef = 4BEA8DAD29B2F365005EE94F /* Main.storyboard */; };
		4BEA8DB129B2F367005EE94F /* Assets.xcassets in Resources */ = {isa = PBXBuildFile; fileRef = 4BEA8DB029B2F367005EE94F /* Assets.xcassets */; };
		4BEA8DB429B2F367005EE94F /* LaunchScreen.storyboard in Resources */ = {isa = PBXBuildFile; fileRef = 4BEA8DB229B2F367005EE94F /* LaunchScreen.storyboard */; };
		4BF2859729B5BA5B0006C3B7 /* GoogleService-Info.plist in Resources */ = {isa = PBXBuildFile; fileRef = 4BF2859629B5BA5B0006C3B7 /* GoogleService-Info.plist */; };
/* End PBXBuildFile section */

/* Begin PBXFileReference section */
		159604FAB4F270CA453CA566 /* Pods_2021PushExample.framework */ = {isa = PBXFileReference; explicitFileType = wrapper.framework; includeInIndex = 0; path = Pods_2021PushExample.framework; sourceTree = BUILT_PRODUCTS_DIR; };
		2EAE4AF1980C1A23DC8E299F /* Pods-2021PushExample.release.xcconfig */ = {isa = PBXFileReference; includeInIndex = 1; lastKnownFileType = text.xcconfig; name = "Pods-2021PushExample.release.xcconfig"; path = "Target Support Files/Pods-2021PushExample/Pods-2021PushExample.release.xcconfig"; sourceTree = "<group>"; };
		4BEA8DA429B2F365005EE94F /* 2021PushExample.app */ = {isa = PBXFileReference; explicitFileType = wrapper.application; includeInIndex = 0; path = 2021PushExample.app; sourceTree = BUILT_PRODUCTS_DIR; };
		4BEA8DA729B2F365005EE94F /* AppDelegate.swift */ = {isa = PBXFileReference; lastKnownFileType = sourcecode.swift; path = AppDelegate.swift; sourceTree = "<group>"; };
		4BEA8DA929B2F365005EE94F /* SceneDelegate.swift */ = {isa = PBXFileReference; lastKnownFileType = sourcecode.swift; path = SceneDelegate.swift; sourceTree = "<group>"; };
		4BEA8DAB29B2F365005EE94F /* ViewController.swift */ = {isa = PBXFileReference; lastKnownFileType = sourcecode.swift; path = ViewController.swift; sourceTree = "<group>"; };
		4BEA8DAE29B2F365005EE94F /* Base */ = {isa = PBXFileReference; lastKnownFileType = file.storyboard; name = Base; path = Base.lproj/Main.storyboard; sourceTree = "<group>"; };
		4BEA8DB029B2F367005EE94F /* Assets.xcassets */ = {isa = PBXFileReference; lastKnownFileType = folder.assetcatalog; path = Assets.xcassets; sourceTree = "<group>"; };
		4BEA8DB329B2F367005EE94F /* Base */ = {isa = PBXFileReference; lastKnownFileType = file.storyboard; name = Base; path = Base.lproj/LaunchScreen.storyboard; sourceTree = "<group>"; };
		4BEA8DB529B2F367005EE94F /* Info.plist */ = {isa = PBXFileReference; lastKnownFileType = text.plist.xml; path = Info.plist; sourceTree = "<group>"; };
		4BF2859629B5BA5B0006C3B7 /* GoogleService-Info.plist */ = {isa = PBXFileReference; fileEncoding = 4; lastKnownFileType = text.plist.xml; path = "GoogleService-Info.plist"; sourceTree = "<group>"; };
		699258ACFA7156B7D521DE6E /* Pods-2021PushExample.debug.xcconfig */ = {isa = PBXFileReference; includeInIndex = 1; lastKnownFileType = text.xcconfig; name = "Pods-2021PushExample.debug.xcconfig"; path = "Target Support Files/Pods-2021PushExample/Pods-2021PushExample.debug.xcconfig"; sourceTree = "<group>"; };
/* End PBXFileReference section */

/* Begin PBXFrameworksBuildPhase section */
		4BEA8DA129B2F365005EE94F /* Frameworks */ = {
			isa = PBXFrameworksBuildPhase;
			buildActionMask = 2147483647;
			files = (
				39956CE45F3C559285823017 /* Pods_2021PushExample.framework in Frameworks */,
			);
			runOnlyForDeploymentPostprocessing = 0;
		};
/* End PBXFrameworksBuildPhase section */

/* Begin PBXGroup section */
		23CF99711D0EDED9EE9F1A9E /* Frameworks */ = {
			isa = PBXGroup;
			children = (
				159604FAB4F270CA453CA566 /* Pods_2021PushExample.framework */,
			);
			name = Frameworks;
			sourceTree = "<group>";
		};
		4BEA8D9B29B2F365005EE94F = {
			isa = PBXGroup;
			children = (
				4BEA8DA629B2F365005EE94F /* 2021PushExample */,
				4BEA8DA529B2F365005EE94F /* Products */,
				66D318C5BA53CAFA4C3FE855 /* Pods */,
				23CF99711D0EDED9EE9F1A9E /* Frameworks */,
			);
			sourceTree = "<group>";
		};
		4BEA8DA529B2F365005EE94F /* Products */ = {
			isa = PBXGroup;
			children = (
				4BEA8DA429B2F365005EE94F /* 2021PushExample.app */,
			);
			name = Products;
			sourceTree = "<group>";
		};
		4BEA8DA629B2F365005EE94F /* 2021PushExample */ = {
			isa = PBXGroup;
			children = (
				4BF2859629B5BA5B0006C3B7 /* GoogleService-Info.plist */,
				4BEA8DA729B2F365005EE94F /* AppDelegate.swift */,
				4BEA8DA929B2F365005EE94F /* SceneDelegate.swift */,
				4BEA8DAB29B2F365005EE94F /* ViewController.swift */,
				4BEA8DAD29B2F365005EE94F /* Main.storyboard */,
				4BEA8DB029B2F367005EE94F /* Assets.xcassets */,
				4BEA8DB229B2F367005EE94F /* LaunchScreen.storyboard */,
				4BEA8DB529B2F367005EE94F /* Info.plist */,
			);
			path = 2021PushExample;
			sourceTree = "<group>";
		};
		66D318C5BA53CAFA4C3FE855 /* Pods */ = {
			isa = PBXGroup;
			children = (
				699258ACFA7156B7D521DE6E /* Pods-2021PushExample.debug.xcconfig */,
				2EAE4AF1980C1A23DC8E299F /* Pods-2021PushExample.release.xcconfig */,
			);
			path = Pods;
			sourceTree = "<group>";
		};
/* End PBXGroup section */

/* Begin PBXNativeTarget section */
		4BEA8DA329B2F365005EE94F /* 2021PushExample */ = {
			isa = PBXNativeTarget;
			buildConfigurationList = 4BEA8DB829B2F367005EE94F /* Build configuration list for PBXNativeTarget "2021PushExample" */;
			buildPhases = (
				59F202AB699BBA70B61A8BD7 /* [CP] Check Pods Manifest.lock */,
				4BEA8DA029B2F365005EE94F /* Sources */,
				4BEA8DA129B2F365005EE94F /* Frameworks */,
				4BEA8DA229B2F365005EE94F /* Resources */,
				3F3273434806A230E9D1C5B5 /* [CP] Embed Pods Frameworks */,
			);
			buildRules = (
			);
			dependencies = (
			);
			name = 2021PushExample;
			productName = 2021PushExample;
			productReference = 4BEA8DA429B2F365005EE94F /* 2021PushExample.app */;
			productType = "com.apple.product-type.application";
		};
/* End PBXNativeTarget section */

/* Begin PBXProject section */
		4BEA8D9C29B2F365005EE94F /* Project object */ = {
			isa = PBXProject;
			attributes = {
				BuildIndependentTargetsInParallel = 1;
				LastSwiftUpdateCheck = 1420;
				LastUpgradeCheck = 1420;
				TargetAttributes = {
					4BEA8DA329B2F365005EE94F = {
						CreatedOnToolsVersion = 14.2;
					};
				};
			};
			buildConfigurationList = 4BEA8D9F29B2F365005EE94F /* Build configuration list for PBXProject "2021PushExample" */;
			compatibilityVersion = "Xcode 14.0";
			developmentRegion = en;
			hasScannedForEncodings = 0;
			knownRegions = (
				en,
				Base,
			);
			mainGroup = 4BEA8D9B29B2F365005EE94F;
			productRefGroup = 4BEA8DA529B2F365005EE94F /* Products */;
			projectDirPath = "";
			projectRoot = "";
			targets = (
				4BEA8DA329B2F365005EE94F /* 2021PushExample */,
			);
		};
/* End PBXProject section */

/* Begin PBXResourcesBuildPhase section */
		4BEA8DA229B2F365005EE94F /* Resources */ = {
			isa = PBXResourcesBuildPhase;
			buildActionMask = 2147483647;
			files = (
				4BEA8DB429B2F367005EE94F /* LaunchScreen.storyboard in Resources */,
				4BF2859729B5BA5B0006C3B7 /* GoogleService-Info.plist in Resources */,
				4BEA8DB129B2F367005EE94F /* Assets.xcassets in Resources */,
				4BEA8DAF29B2F365005EE94F /* Main.storyboard in Resources */,
			);
			runOnlyForDeploymentPostprocessing = 0;
		};
/* End PBXResourcesBuildPhase section */

/* Begin PBXShellScriptBuildPhase section */
		3F3273434806A230E9D1C5B5 /* [CP] Embed Pods Frameworks */ = {
			isa = PBXShellScriptBuildPhase;
			buildActionMask = 2147483647;
			files = (
			);
			inputFileListPaths = (
				"${PODS_ROOT}/Target Support Files/Pods-2021PushExample/Pods-2021PushExample-frameworks-${CONFIGURATION}-input-files.xcfilelist",
			);
			name = "[CP] Embed Pods Frameworks";
			outputFileListPaths = (
				"${PODS_ROOT}/Target Support Files/Pods-2021PushExample/Pods-2021PushExample-frameworks-${CONFIGURATION}-output-files.xcfilelist",
			);
			runOnlyForDeploymentPostprocessing = 0;
			shellPath = /bin/sh;
			shellScript = "\"${PODS_ROOT}/Target Support Files/Pods-2021PushExample/Pods-2021PushExample-frameworks.sh\"\n";
			showEnvVarsInLog = 0;
		};
		59F202AB699BBA70B61A8BD7 /* [CP] Check Pods Manifest.lock */ = {
			isa = PBXShellScriptBuildPhase;
			buildActionMask = 2147483647;
			files = (
			);
			inputFileListPaths = (
			);
			inputPaths = (
				"${PODS_PODFILE_DIR_PATH}/Podfile.lock",
				"${PODS_ROOT}/Manifest.lock",
			);
			name = "[CP] Check Pods Manifest.lock";
			outputFileListPaths = (
			);
			outputPaths = (
				"$(DERIVED_FILE_DIR)/Pods-2021PushExample-checkManifestLockResult.txt",
			);
			runOnlyForDeploymentPostprocessing = 0;
			shellPath = /bin/sh;
			shellScript = "diff \"${PODS_PODFILE_DIR_PATH}/Podfile.lock\" \"${PODS_ROOT}/Manifest.lock\" > /dev/null\nif [ $? != 0 ] ; then\n    # print error to STDERR\n    echo \"error: The sandbox is not in sync with the Podfile.lock. Run 'pod install' or update your CocoaPods installation.\" >&2\n    exit 1\nfi\n# This output is used by Xcode 'outputs' to avoid re-running this script phase.\necho \"SUCCESS\" > \"${SCRIPT_OUTPUT_FILE_0}\"\n";
			showEnvVarsInLog = 0;
		};
/* End PBXShellScriptBuildPhase section */

/* Begin PBXSourcesBuildPhase section */
		4BEA8DA029B2F365005EE94F /* Sources */ = {
			isa = PBXSourcesBuildPhase;
			buildActionMask = 2147483647;
			files = (
				4BEA8DAC29B2F365005EE94F /* ViewController.swift in Sources */,
				4BEA8DA829B2F365005EE94F /* AppDelegate.swift in Sources */,
				4BEA8DAA29B2F365005EE94F /* SceneDelegate.swift in Sources */,
			);
			runOnlyForDeploymentPostprocessing = 0;
		};
/* End PBXSourcesBuildPhase section */

/* Begin PBXVariantGroup section */
		4BEA8DAD29B2F365005EE94F /* Main.storyboard */ = {
			isa = PBXVariantGroup;
			children = (
				4BEA8DAE29B2F365005EE94F /* Base */,
			);
			name = Main.storyboard;
			sourceTree = "<group>";
		};
		4BEA8DB229B2F367005EE94F /* LaunchScreen.storyboard */ = {
			isa = PBXVariantGroup;
			children = (
				4BEA8DB329B2F367005EE94F /* Base */,
			);
			name = LaunchScreen.storyboard;
			sourceTree = "<group>";
		};
/* End PBXVariantGroup section */

/* Begin XCBuildConfiguration section */
		4BEA8DB629B2F367005EE94F /* Debug */ = {
			isa = XCBuildConfiguration;
			buildSettings = {
				ALWAYS_SEARCH_USER_PATHS = NO;
				CLANG_ANALYZER_NONNULL = YES;
				CLANG_ANALYZER_NUMBER_OBJECT_CONVERSION = YES_AGGRESSIVE;
				CLANG_CXX_LANGUAGE_STANDARD = "gnu++20";
				CLANG_ENABLE_MODULES = YES;
				CLANG_ENABLE_OBJC_ARC = YES;
				CLANG_ENABLE_OBJC_WEAK = YES;
				CLANG_WARN_BLOCK_CAPTURE_AUTORELEASING = YES;
				CLANG_WARN_BOOL_CONVERSION = YES;
				CLANG_WARN_COMMA = YES;
				CLANG_WARN_CONSTANT_CONVERSION = YES;
				CLANG_WARN_DEPRECATED_OBJC_IMPLEMENTATIONS = YES;
				CLANG_WARN_DIRECT_OBJC_ISA_USAGE = YES_ERROR;
				CLANG_WARN_DOCUMENTATION_COMMENTS = YES;
				CLANG_WARN_EMPTY_BODY = YES;
				CLANG_WARN_ENUM_CONVERSION = YES;
				CLANG_WARN_INFINITE_RECURSION = YES;
				CLANG_WARN_INT_CONVERSION = YES;
				CLANG_WARN_NON_LITERAL_NULL_CONVERSION = YES;
				CLANG_WARN_OBJC_IMPLICIT_RETAIN_SELF = YES;
				CLANG_WARN_OBJC_LITERAL_CONVERSION = YES;
				CLANG_WARN_OBJC_ROOT_CLASS = YES_ERROR;
				CLANG_WARN_QUOTED_INCLUDE_IN_FRAMEWORK_HEADER = YES;
				CLANG_WARN_RANGE_LOOP_ANALYSIS = YES;
				CLANG_WARN_STRICT_PROTOTYPES = YES;
				CLANG_WARN_SUSPICIOUS_MOVE = YES;
				CLANG_WARN_UNGUARDED_AVAILABILITY = YES_AGGRESSIVE;
				CLANG_WARN_UNREACHABLE_CODE = YES;
				CLANG_WARN__DUPLICATE_METHOD_MATCH = YES;
				COPY_PHASE_STRIP = NO;
				DEBUG_INFORMATION_FORMAT = dwarf;
				ENABLE_STRICT_OBJC_MSGSEND = YES;
				ENABLE_TESTABILITY = YES;
				GCC_C_LANGUAGE_STANDARD = gnu11;
				GCC_DYNAMIC_NO_PIC = NO;
				GCC_NO_COMMON_BLOCKS = YES;
				GCC_OPTIMIZATION_LEVEL = 0;
				GCC_PREPROCESSOR_DEFINITIONS = (
					"DEBUG=1",
					"$(inherited)",
				);
				GCC_WARN_64_TO_32_BIT_CONVERSION = YES;
				GCC_WARN_ABOUT_RETURN_TYPE = YES_ERROR;
				GCC_WARN_UNDECLARED_SELECTOR = YES;
				GCC_WARN_UNINITIALIZED_AUTOS = YES_AGGRESSIVE;
				GCC_WARN_UNUSED_FUNCTION = YES;
				GCC_WARN_UNUSED_VARIABLE = YES;
				IPHONEOS_DEPLOYMENT_TARGET = 16.2;
				MTL_ENABLE_DEBUG_INFO = INCLUDE_SOURCE;
				MTL_FAST_MATH = YES;
				ONLY_ACTIVE_ARCH = YES;
				SDKROOT = iphoneos;
				SWIFT_ACTIVE_COMPILATION_CONDITIONS = DEBUG;
				SWIFT_OPTIMIZATION_LEVEL = "-Onone";
			};
			name = Debug;
		};
		4BEA8DB729B2F367005EE94F /* Release */ = {
			isa = XCBuildConfiguration;
			buildSettings = {
				ALWAYS_SEARCH_USER_PATHS = NO;
				CLANG_ANALYZER_NONNULL = YES;
				CLANG_ANALYZER_NUMBER_OBJECT_CONVERSION = YES_AGGRESSIVE;
				CLANG_CXX_LANGUAGE_STANDARD = "gnu++20";
				CLANG_ENABLE_MODULES = YES;
				CLANG_ENABLE_OBJC_ARC = YES;
				CLANG_ENABLE_OBJC_WEAK = YES;
				CLANG_WARN_BLOCK_CAPTURE_AUTORELEASING = YES;
				CLANG_WARN_BOOL_CONVERSION = YES;
				CLANG_WARN_COMMA = YES;
				CLANG_WARN_CONSTANT_CONVERSION = YES;
				CLANG_WARN_DEPRECATED_OBJC_IMPLEMENTATIONS = YES;
				CLANG_WARN_DIRECT_OBJC_ISA_USAGE = YES_ERROR;
				CLANG_WARN_DOCUMENTATION_COMMENTS = YES;
				CLANG_WARN_EMPTY_BODY = YES;
				CLANG_WARN_ENUM_CONVERSION = YES;
				CLANG_WARN_INFINITE_RECURSION = YES;
				CLANG_WARN_INT_CONVERSION = YES;
				CLANG_WARN_NON_LITERAL_NULL_CONVERSION = YES;
				CLANG_WARN_OBJC_IMPLICIT_RETAIN_SELF = YES;
				CLANG_WARN_OBJC_LITERAL_CONVERSION = YES;
				CLANG_WARN_OBJC_ROOT_CLASS = YES_ERROR;
				CLANG_WARN_QUOTED_INCLUDE_IN_FRAMEWORK_HEADER = YES;
				CLANG_WARN_RANGE_LOOP_ANALYSIS = YES;
				CLANG_WARN_STRICT_PROTOTYPES = YES;
				CLANG_WARN_SUSPICIOUS_MOVE = YES;
				CLANG_WARN_UNGUARDED_AVAILABILITY = YES_AGGRESSIVE;
				CLANG_WARN_UNREACHABLE_CODE = YES;
				CLANG_WARN__DUPLICATE_METHOD_MATCH = YES;
				COPY_PHASE_STRIP = NO;
				DEBUG_INFORMATION_FORMAT = "dwarf-with-dsym";
				ENABLE_NS_ASSERTIONS = NO;
				ENABLE_STRICT_OBJC_MSGSEND = YES;
				GCC_C_LANGUAGE_STANDARD = gnu11;
				GCC_NO_COMMON_BLOCKS = YES;
				GCC_WARN_64_TO_32_BIT_CONVERSION = YES;
				GCC_WARN_ABOUT_RETURN_TYPE = YES_ERROR;
				GCC_WARN_UNDECLARED_SELECTOR = YES;
				GCC_WARN_UNINITIALIZED_AUTOS = YES_AGGRESSIVE;
				GCC_WARN_UNUSED_FUNCTION = YES;
				GCC_WARN_UNUSED_VARIABLE = YES;
				IPHONEOS_DEPLOYMENT_TARGET = 16.2;
				MTL_ENABLE_DEBUG_INFO = NO;
				MTL_FAST_MATH = YES;
				SDKROOT = iphoneos;
				SWIFT_COMPILATION_MODE = wholemodule;
				SWIFT_OPTIMIZATION_LEVEL = "-O";
				VALIDATE_PRODUCT = YES;
			};
			name = Release;
		};
		4BEA8DB929B2F367005EE94F /* Debug */ = {
			isa = XCBuildConfiguration;
			baseConfigurationReference = 699258ACFA7156B7D521DE6E /* Pods-2021PushExample.debug.xcconfig */;
			buildSettings = {
				ASSETCATALOG_COMPILER_APPICON_NAME = AppIcon;
				ASSETCATALOG_COMPILER_GLOBAL_ACCENT_COLOR_NAME = AccentColor;
				CODE_SIGN_IDENTITY = "Apple Development";
				CODE_SIGN_STYLE = Automatic;
				CURRENT_PROJECT_VERSION = 1;
				DEVELOPMENT_TEAM = VGHY7WU7VM;
				GENERATE_INFOPLIST_FILE = YES;
				INFOPLIST_FILE = 2021PushExample/Info.plist;
				INFOPLIST_KEY_UIApplicationSupportsIndirectInputEvents = YES;
				INFOPLIST_KEY_UILaunchStoryboardName = LaunchScreen;
				INFOPLIST_KEY_UIMainStoryboardFile = Main;
				INFOPLIST_KEY_UISupportedInterfaceOrientations_iPad = "UIInterfaceOrientationPortrait UIInterfaceOrientationPortraitUpsideDown UIInterfaceOrientationLandscapeLeft UIInterfaceOrientationLandscapeRight";
				INFOPLIST_KEY_UISupportedInterfaceOrientations_iPhone = "UIInterfaceOrientationPortrait UIInterfaceOrientationLandscapeLeft UIInterfaceOrientationLandscapeRight";
				IPHONEOS_DEPLOYMENT_TARGET = 12.0;
				LD_RUNPATH_SEARCH_PATHS = (
					"$(inherited)",
					"@executable_path/Frameworks",
				);
				MARKETING_VERSION = 1.0;
				PRODUCT_BUNDLE_IDENTIFIER = "com.esportsination.-021PushExample";
				PRODUCT_NAME = "$(TARGET_NAME)";
				PROVISIONING_PROFILE_SPECIFIER = "";
				SWIFT_EMIT_LOC_STRINGS = YES;
				SWIFT_VERSION = 5.0;
				TARGETED_DEVICE_FAMILY = "1,2";
			};
			name = Debug;
		};
		4BEA8DBA29B2F367005EE94F /* Release */ = {
			isa = XCBuildConfiguration;
			baseConfigurationReference = 2EAE4AF1980C1A23DC8E299F /* Pods-2021PushExample.release.xcconfig */;
			buildSettings = {
				ASSETCATALOG_COMPILER_APPICON_NAME = AppIcon;
				ASSETCATALOG_COMPILER_GLOBAL_ACCENT_COLOR_NAME = AccentColor;
				CODE_SIGN_IDENTITY = "Apple Development";
				CODE_SIGN_STYLE = Automatic;
				CURRENT_PROJECT_VERSION = 1;
				DEVELOPMENT_TEAM = VGHY7WU7VM;
				GENERATE_INFOPLIST_FILE = YES;
				INFOPLIST_FILE = 2021PushExample/Info.plist;
				INFOPLIST_KEY_UIApplicationSupportsIndirectInputEvents = YES;
				INFOPLIST_KEY_UILaunchStoryboardName = LaunchScreen;
				INFOPLIST_KEY_UIMainStoryboardFile = Main;
				INFOPLIST_KEY_UISupportedInterfaceOrientations_iPad = "UIInterfaceOrientationPortrait UIInterfaceOrientationPortraitUpsideDown UIInterfaceOrientationLandscapeLeft UIInterfaceOrientationLandscapeRight";
				INFOPLIST_KEY_UISupportedInterfaceOrientations_iPhone = "UIInterfaceOrientationPortrait UIInterfaceOrientationLandscapeLeft UIInterfaceOrientationLandscapeRight";
				IPHONEOS_DEPLOYMENT_TARGET = 12.0;
				LD_RUNPATH_SEARCH_PATHS = (
					"$(inherited)",
					"@executable_path/Frameworks",
				);
				MARKETING_VERSION = 1.0;
				PRODUCT_BUNDLE_IDENTIFIER = "com.esportsination.-021PushExample";
				PRODUCT_NAME = "$(TARGET_NAME)";
				PROVISIONING_PROFILE_SPECIFIER = "";
				SWIFT_EMIT_LOC_STRINGS = YES;
				SWIFT_VERSION = 5.0;
				TARGETED_DEVICE_FAMILY = "1,2";
			};
			name = Release;
		};
/* End XCBuildConfiguration section */

/* Begin XCConfigurationList section */
		4BEA8D9F29B2F365005EE94F /* Build configuration list for PBXProject "2021PushExample" */ = {
			isa = XCConfigurationList;
			buildConfigurations = (
				4BEA8DB629B2F367005EE94F /* Debug */,
				4BEA8DB729B2F367005EE94F /* Release */,
			);
			defaultConfigurationIsVisible = 0;
			defaultConfigurationName = Release;
		};
		4BEA8DB829B2F367005EE94F /* Build configuration list for PBXNativeTarget "2021PushExample" */ = {
			isa = XCConfigurationList;
			buildConfigurations = (
				4BEA8DB929B2F367005EE94F /* Debug */,
				4BEA8DBA29B2F367005EE94F /* Release */,
			);
			defaultConfigurationIsVisible = 0;
			defaultConfigurationName = Release;
		};
/* End XCConfigurationList section */
	};
	rootObject = 4BEA8D9C29B2F365005EE94F /* Project object */;
}
